
Microsoft Visual Studio Solution File, Format Version 12.00
# Visual Studio 15
VisualStudioVersion = 15.0.27703.2047
MinimumVisualStudioVersion = 10.0.40219.1
Project("{00D1A9C2-B5F0-4AF3-8072-F6C62B433612}") = "Victorion.Timesheet.SQL", "Victorion.Timesheet.SQL\Victorion.Timesheet.SQL.sqlproj", "{9DBC8AEF-1642-4676-9152-8E55FECD7B48}"
EndProject
Project("{FAE04EC0-301F-11D3-BF4B-00C04F79EFBC}") = "Victorion.Timesheet.Application", "Victorion.Timesheet.Application\Victorion.Timesheet.Application.csproj", "{0EE12F21-57CB-4AB3-8496-3D047B2E3678}"
EndProject
Project("{FAE04EC0-301F-11D3-BF4B-00C04F79EFBC}") = "Victorion.Timesheet.Persistence", "Victorion.Timesheet.Persistence\Victorion.Timesheet.Persistence.csproj", "{EB8E12D2-9043-42BD-98DD-8899FB9407DD}"
EndProject
Project("{FAE04EC0-301F-11D3-BF4B-00C04F79EFBC}") = "Victorion.Timesheet.Infrastructure", "Victorion.Timesheet.Infrastructure\Victorion.Timesheet.Infrastructure.csproj", "{17E7B976-1D44-4B3D-A4C0-2BBDB6E96753}"
EndProject
Project("{FAE04EC0-301F-11D3-BF4B-00C04F79EFBC}") = "Victorion.Timesheet.Domain", "Victorion.Timesheet.Domain\Victorion.Timesheet.Domain.csproj", "{5075A480-BBF5-43CA-BFE8-B6C6069F4744}"
EndProject
Global
	GlobalSection(SolutionConfigurationPlatforms) = preSolution
		Debug|Any CPU = Debug|Any CPU
		Release|Any CPU = Release|Any CPU
	EndGlobalSection
	GlobalSection(ProjectConfigurationPlatforms) = postSolution
		{9DBC8AEF-1642-4676-9152-8E55FECD7B48}.Debug|Any CPU.ActiveCfg = Debug|Any CPU
		{9DBC8AEF-1642-4676-9152-8E55FECD7B48}.Debug|Any CPU.Build.0 = Debug|Any CPU
		{9DBC8AEF-1642-4676-9152-8E55FECD7B48}.Debug|Any CPU.Deploy.0 = Debug|Any CPU
		{9DBC8AEF-1642-4676-9152-8E55FECD7B48}.Release|Any CPU.ActiveCfg = Release|Any CPU
		{9DBC8AEF-1642-4676-9152-8E55FECD7B48}.Release|Any CPU.Build.0 = Release|Any CPU
		{9DBC8AEF-1642-4676-9152-8E55FECD7B48}.Release|Any CPU.Deploy.0 = Release|Any CPU
		{0EE12F21-57CB-4AB3-8496-3D047B2E3678}.Debug|Any CPU.ActiveCfg = Debug|Any CPU
		{0EE12F21-57CB-4AB3-8496-3D047B2E3678}.Debug|Any CPU.Build.0 = Debug|Any CPU
		{0EE12F21-57CB-4AB3-8496-3D047B2E3678}.Release|Any CPU.ActiveCfg = Release|Any CPU
		{0EE12F21-57CB-4AB3-8496-3D047B2E3678}.Release|Any CPU.Build.0 = Release|Any CPU
		{EB8E12D2-9043-42BD-98DD-8899FB9407DD}.Debug|Any CPU.ActiveCfg = Debug|Any CPU
		{EB8E12D2-9043-42BD-98DD-8899FB9407DD}.Debug|Any CPU.Build.0 = Debug|Any CPU
		{EB8E12D2-9043-42BD-98DD-8899FB9407DD}.Release|Any CPU.ActiveCfg = Release|Any CPU
		{EB8E12D2-9043-42BD-98DD-8899FB9407DD}.Release|Any CPU.Build.0 = Release|Any CPU
		{17E7B976-1D44-4B3D-A4C0-2BBDB6E96753}.Debug|Any CPU.ActiveCfg = Debug|Any CPU
		{17E7B976-1D44-4B3D-A4C0-2BBDB6E96753}.Debug|Any CPU.Build.0 = Debug|Any CPU
		{17E7B976-1D44-4B3D-A4C0-2BBDB6E96753}.Release|Any CPU.ActiveCfg = Release|Any CPU
		{17E7B976-1D44-4B3D-A4C0-2BBDB6E96753}.Release|Any CPU.Build.0 = Release|Any CPU
		{5075A480-BBF5-43CA-BFE8-B6C6069F4744}.Debug|Any CPU.ActiveCfg = Debug|Any CPU
		{5075A480-BBF5-43CA-BFE8-B6C6069F4744}.Debug|Any CPU.Build.0 = Debug|Any CPU
		{5075A480-BBF5-43CA-BFE8-B6C6069F4744}.Release|Any CPU.ActiveCfg = Release|Any CPU
		{5075A480-BBF5-43CA-BFE8-B6C6069F4744}.Release|Any CPU.Build.0 = Release|Any CPU
	EndGlobalSection
	GlobalSection(SolutionProperties) = preSolution
		HideSolutionNode = FALSE
	EndGlobalSection
	GlobalSection(ExtensibilityGlobals) = postSolution
		SolutionGuid = {40D1EBC5-DE99-482B-83CA-FCB2D6DFF88B}
	EndGlobalSection
EndGlobal
